// !$*UTF8*$!
{
	archiveVersion = 1;
	classes = {
	};
	objectVersion = 56;
	objects = {

/* Begin PBXBuildFile section */
		FC32B19A2990034300BF8F51 /* AppDelegate.swift in Sources */ = {isa = PBXBuildFile; fileRef = FC32B1992990034300BF8F51 /* AppDelegate.swift */; };
		FC32B19C2990034300BF8F51 /* SceneDelegate.swift in Sources */ = {isa = PBXBuildFile; fileRef = FC32B19B2990034300BF8F51 /* SceneDelegate.swift */; };
		FC32B19E2990034300BF8F51 /* ViewController.swift in Sources */ = {isa = PBXBuildFile; fileRef = FC32B19D2990034300BF8F51 /* ViewController.swift */; };
		FC32B1A12990034300BF8F51 /* Main.storyboard in Resources */ = {isa = PBXBuildFile; fileRef = FC32B19F2990034300BF8F51 /* Main.storyboard */; };
		FC32B1A32990034400BF8F51 /* Assets.xcassets in Resources */ = {isa = PBXBuildFile; fileRef = FC32B1A22990034400BF8F51 /* Assets.xcassets */; };
		FC32B1A62990034400BF8F51 /* LaunchScreen.storyboard in Resources */ = {isa = PBXBuildFile; fileRef = FC32B1A42990034400BF8F51 /* LaunchScreen.storyboard */; };
		FC32B1B12990034400BF8F51 /* Project8Tests.swift in Sources */ = {isa = PBXBuildFile; fileRef = FC32B1B02990034400BF8F51 /* Project8Tests.swift */; };
		FC32B1BB2990034400BF8F51 /* Project8UITests.swift in Sources */ = {isa = PBXBuildFile; fileRef = FC32B1BA2990034400BF8F51 /* Project8UITests.swift */; };
		FC32B1BD2990034400BF8F51 /* Project8UITestsLaunchTests.swift in Sources */ = {isa = PBXBuildFile; fileRef = FC32B1BC2990034400BF8F51 /* Project8UITestsLaunchTests.swift */; };
		FC32B1CB2990366900BF8F51 /* level1.txt in Resources */ = {isa = PBXBuildFile; fileRef = FC32B1C92990366900BF8F51 /* level1.txt */; };
		FC32B1CC2990366900BF8F51 /* level2.txt in Resources */ = {isa = PBXBuildFile; fileRef = FC32B1CA2990366900BF8F51 /* level2.txt */; };
/* End PBXBuildFile section */

/* Begin PBXContainerItemProxy section */
		FC32B1AD2990034400BF8F51 /* PBXContainerItemProxy */ = {
			isa = PBXContainerItemProxy;
			containerPortal = FC32B18E2990034300BF8F51 /* Project object */;
			proxyType = 1;
			remoteGlobalIDString = FC32B1952990034300BF8F51;
			remoteInfo = Project8;
		};
		FC32B1B72990034400BF8F51 /* PBXContainerItemProxy */ = {
			isa = PBXContainerItemProxy;
			containerPortal = FC32B18E2990034300BF8F51 /* Project object */;
			proxyType = 1;
			remoteGlobalIDString = FC32B1952990034300BF8F51;
			remoteInfo = Project8;
		};
/* End PBXContainerItemProxy section */

/* Begin PBXFileReference section */
		FC32B1962990034300BF8F51 /* Project8.app */ = {isa = PBXFileReference; explicitFileType = wrapper.application; includeInIndex = 0; path = Project8.app; sourceTree = BUILT_PRODUCTS_DIR; };
		FC32B1992990034300BF8F51 /* AppDelegate.swift */ = {isa = PBXFileReference; lastKnownFileType = sourcecode.swift; path = AppDelegate.swift; sourceTree = "<group>"; };
		FC32B19B2990034300BF8F51 /* SceneDelegate.swift */ = {isa = PBXFileReference; lastKnownFileType = sourcecode.swift; path = SceneDelegate.swift; sourceTree = "<group>"; };
		FC32B19D2990034300BF8F51 /* ViewController.swift */ = {isa = PBXFileReference; lastKnownFileType = sourcecode.swift; path = ViewController.swift; sourceTree = "<group>"; };
		FC32B1A02990034300BF8F51 /* Base */ = {isa = PBXFileReference; lastKnownFileType = file.storyboard; name = Base; path = Base.lproj/Main.storyboard; sourceTree = "<group>"; };
		FC32B1A22990034400BF8F51 /* Assets.xcassets */ = {isa = PBXFileReference; lastKnownFileType = folder.assetcatalog; path = Assets.xcassets; sourceTree = "<group>"; };
		FC32B1A52990034400BF8F51 /* Base */ = {isa = PBXFileReference; lastKnownFileType = file.storyboard; name = Base; path = Base.lproj/LaunchScreen.storyboard; sourceTree = "<group>"; };
		FC32B1A72990034400BF8F51 /* Info.plist */ = {isa = PBXFileReference; lastKnownFileType = text.plist.xml; path = Info.plist; sourceTree = "<group>"; };
		FC32B1AC2990034400BF8F51 /* Project8Tests.xctest */ = {isa = PBXFileReference; explicitFileType = wrapper.cfbundle; includeInIndex = 0; path = Project8Tests.xctest; sourceTree = BUILT_PRODUCTS_DIR; };
		FC32B1B02990034400BF8F51 /* Project8Tests.swift */ = {isa = PBXFileReference; lastKnownFileType = sourcecode.swift; path = Project8Tests.swift; sourceTree = "<group>"; };
		FC32B1B62990034400BF8F51 /* Project8UITests.xctest */ = {isa = PBXFileReference; explicitFileType = wrapper.cfbundle; includeInIndex = 0; path = Project8UITests.xctest; sourceTree = BUILT_PRODUCTS_DIR; };
		FC32B1BA2990034400BF8F51 /* Project8UITests.swift */ = {isa = PBXFileReference; lastKnownFileType = sourcecode.swift; path = Project8UITests.swift; sourceTree = "<group>"; };
		FC32B1BC2990034400BF8F51 /* Project8UITestsLaunchTests.swift */ = {isa = PBXFileReference; lastKnownFileType = sourcecode.swift; path = Project8UITestsLaunchTests.swift; sourceTree = "<group>"; };
		FC32B1C92990366900BF8F51 /* level1.txt */ = {isa = PBXFileReference; fileEncoding = 4; lastKnownFileType = text; path = level1.txt; sourceTree = "<group>"; };
		FC32B1CA2990366900BF8F51 /* level2.txt */ = {isa = PBXFileReference; fileEncoding = 4; lastKnownFileType = text; path = level2.txt; sourceTree = "<group>"; };
/* End PBXFileReference section */

/* Begin PBXFrameworksBuildPhase section */
		FC32B1932990034300BF8F51 /* Frameworks */ = {
			isa = PBXFrameworksBuildPhase;
			buildActionMask = 2147483647;
			files = (
			);
			runOnlyForDeploymentPostprocessing = 0;
		};
		FC32B1A92990034400BF8F51 /* Frameworks */ = {
			isa = PBXFrameworksBuildPhase;
			buildActionMask = 2147483647;
			files = (
			);
			runOnlyForDeploymentPostprocessing = 0;
		};
		FC32B1B32990034400BF8F51 /* Frameworks */ = {
			isa = PBXFrameworksBuildPhase;
			buildActionMask = 2147483647;
			files = (
			);
			runOnlyForDeploymentPostprocessing = 0;
		};
/* End PBXFrameworksBuildPhase section */

/* Begin PBXGroup section */
		FC32B18D2990034300BF8F51 = {
			isa = PBXGroup;
			children = (
				FC32B1982990034300BF8F51 /* Project8 */,
				FC32B1AF2990034400BF8F51 /* Project8Tests */,
				FC32B1B92990034400BF8F51 /* Project8UITests */,
				FC32B1972990034300BF8F51 /* Products */,
			);
			sourceTree = "<group>";
		};
		FC32B1972990034300BF8F51 /* Products */ = {
			isa = PBXGroup;
			children = (
				FC32B1962990034300BF8F51 /* Project8.app */,
				FC32B1AC2990034400BF8F51 /* Project8Tests.xctest */,
				FC32B1B62990034400BF8F51 /* Project8UITests.xctest */,
			);
			name = Products;
			sourceTree = "<group>";
		};
		FC32B1982990034300BF8F51 /* Project8 */ = {
			isa = PBXGroup;
			children = (
				FC32B1992990034300BF8F51 /* AppDelegate.swift */,
				FC32B19B2990034300BF8F51 /* SceneDelegate.swift */,
				FC32B19D2990034300BF8F51 /* ViewController.swift */,
				FC32B19F2990034300BF8F51 /* Main.storyboard */,
				FC32B1C92990366900BF8F51 /* level1.txt */,
				FC32B1CA2990366900BF8F51 /* level2.txt */,
				FC32B1A22990034400BF8F51 /* Assets.xcassets */,
				FC32B1A42990034400BF8F51 /* LaunchScreen.storyboard */,
				FC32B1A72990034400BF8F51 /* Info.plist */,
			);
			path = Project8;
			sourceTree = "<group>";
		};
		FC32B1AF2990034400BF8F51 /* Project8Tests */ = {
			isa = PBXGroup;
			children = (
				FC32B1B02990034400BF8F51 /* Project8Tests.swift */,
			);
			path = Project8Tests;
			sourceTree = "<group>";
		};
		FC32B1B92990034400BF8F51 /* Project8UITests */ = {
			isa = PBXGroup;
			children = (
				FC32B1BA2990034400BF8F51 /* Project8UITests.swift */,
				FC32B1BC2990034400BF8F51 /* Project8UITestsLaunchTests.swift */,
			);
			path = Project8UITests;
			sourceTree = "<group>";
		};
/* End PBXGroup section */

/* Begin PBXNativeTarget section */
		FC32B1952990034300BF8F51 /* Project8 */ = {
			isa = PBXNativeTarget;
			buildConfigurationList = FC32B1C02990034400BF8F51 /* Build configuration list for PBXNativeTarget "Project8" */;
			buildPhases = (
				FC32B1922990034300BF8F51 /* Sources */,
				FC32B1932990034300BF8F51 /* Frameworks */,
				FC32B1942990034300BF8F51 /* Resources */,
			);
			buildRules = (
			);
			dependencies = (
			);
			name = Project8;
			productName = Project8;
			productReference = FC32B1962990034300BF8F51 /* Project8.app */;
			productType = "com.apple.product-type.application";
		};
		FC32B1AB2990034400BF8F51 /* Project8Tests */ = {
			isa = PBXNativeTarget;
			buildConfigurationList = FC32B1C32990034400BF8F51 /* Build configuration list for PBXNativeTarget "Project8Tests" */;
			buildPhases = (
				FC32B1A82990034400BF8F51 /* Sources */,
				FC32B1A92990034400BF8F51 /* Frameworks */,
				FC32B1AA2990034400BF8F51 /* Resources */,
			);
			buildRules = (
			);
			dependencies = (
				FC32B1AE2990034400BF8F51 /* PBXTargetDependency */,
			);
			name = Project8Tests;
			productName = Project8Tests;
			productReference = FC32B1AC2990034400BF8F51 /* Project8Tests.xctest */;
			productType = "com.apple.product-type.bundle.unit-test";
		};
		FC32B1B52990034400BF8F51 /* Project8UITests */ = {
			isa = PBXNativeTarget;
			buildConfigurationList = FC32B1C62990034400BF8F51 /* Build configuration list for PBXNativeTarget "Project8UITests" */;
			buildPhases = (
				FC32B1B22990034400BF8F51 /* Sources */,
				FC32B1B32990034400BF8F51 /* Frameworks */,
				FC32B1B42990034400BF8F51 /* Resources */,
			);
			buildRules = (
			);
			dependencies = (
				FC32B1B82990034400BF8F51 /* PBXTargetDependency */,
			);
			name = Project8UITests;
			productName = Project8UITests;
			productReference = FC32B1B62990034400BF8F51 /* Project8UITests.xctest */;
			productType = "com.apple.product-type.bundle.ui-testing";
		};
/* End PBXNativeTarget section */

/* Begin PBXProject section */
		FC32B18E2990034300BF8F51 /* Project object */ = {
			isa = PBXProject;
			attributes = {
				BuildIndependentTargetsInParallel = 1;
				LastSwiftUpdateCheck = 1420;
				LastUpgradeCheck = 1420;
				TargetAttributes = {
					FC32B1952990034300BF8F51 = {
						CreatedOnToolsVersion = 14.2;
					};
					FC32B1AB2990034400BF8F51 = {
						CreatedOnToolsVersion = 14.2;
						TestTargetID = FC32B1952990034300BF8F51;
					};
					FC32B1B52990034400BF8F51 = {
						CreatedOnToolsVersion = 14.2;
						TestTargetID = FC32B1952990034300BF8F51;
					};
				};
			};
			buildConfigurationList = FC32B1912990034300BF8F51 /* Build configuration list for PBXProject "Project8" */;
			compatibilityVersion = "Xcode 14.0";
			developmentRegion = en;
			hasScannedForEncodings = 0;
			knownRegions = (
				en,
				Base,
			);
			mainGroup = FC32B18D2990034300BF8F51;
			productRefGroup = FC32B1972990034300BF8F51 /* Products */;
			projectDirPath = "";
			projectRoot = "";
			targets = (
				FC32B1952990034300BF8F51 /* Project8 */,
				FC32B1AB2990034400BF8F51 /* Project8Tests */,
				FC32B1B52990034400BF8F51 /* Project8UITests */,
			);
		};
/* End PBXProject section */

/* Begin PBXResourcesBuildPhase section */
		FC32B1942990034300BF8F51 /* Resources */ = {
			isa = PBXResourcesBuildPhase;
			buildActionMask = 2147483647;
			files = (
				FC32B1CC2990366900BF8F51 /* level2.txt in Resources */,
				FC32B1A62990034400BF8F51 /* LaunchScreen.storyboard in Resources */,
				FC32B1CB2990366900BF8F51 /* level1.txt in Resources */,
				FC32B1A32990034400BF8F51 /* Assets.xcassets in Resources */,
				FC32B1A12990034300BF8F51 /* Main.storyboard in Resources */,
			);
			runOnlyForDeploymentPostprocessing = 0;
		};
		FC32B1AA2990034400BF8F51 /* Resources */ = {
			isa = PBXResourcesBuildPhase;
			buildActionMask = 2147483647;
			files = (
			);
			runOnlyForDeploymentPostprocessing = 0;
		};
		FC32B1B42990034400BF8F51 /* Resources */ = {
			isa = PBXResourcesBuildPhase;
			buildActionMask = 2147483647;
			files = (
			);
			runOnlyForDeploymentPostprocessing = 0;
		};
/* End PBXResourcesBuildPhase section */

/* Begin PBXSourcesBuildPhase section */
		FC32B1922990034300BF8F51 /* Sources */ = {
			isa = PBXSourcesBuildPhase;
			buildActionMask = 2147483647;
			files = (
				FC32B19E2990034300BF8F51 /* ViewController.swift in Sources */,
				FC32B19A2990034300BF8F51 /* AppDelegate.swift in Sources */,
				FC32B19C2990034300BF8F51 /* SceneDelegate.swift in Sources */,
			);
			runOnlyForDeploymentPostprocessing = 0;
		};
		FC32B1A82990034400BF8F51 /* Sources */ = {
			isa = PBXSourcesBuildPhase;
			buildActionMask = 2147483647;
			files = (
				FC32B1B12990034400BF8F51 /* Project8Tests.swift in Sources */,
			);
			runOnlyForDeploymentPostprocessing = 0;
		};
		FC32B1B22990034400BF8F51 /* Sources */ = {
			isa = PBXSourcesBuildPhase;
			buildActionMask = 2147483647;
			files = (
				FC32B1BD2990034400BF8F51 /* Project8UITestsLaunchTests.swift in Sources */,
				FC32B1BB2990034400BF8F51 /* Project8UITests.swift in Sources */,
			);
			runOnlyForDeploymentPostprocessing = 0;
		};
/* End PBXSourcesBuildPhase section */

/* Begin PBXTargetDependency section */
		FC32B1AE2990034400BF8F51 /* PBXTargetDependency */ = {
			isa = PBXTargetDependency;
			target = FC32B1952990034300BF8F51 /* Project8 */;
			targetProxy = FC32B1AD2990034400BF8F51 /* PBXContainerItemProxy */;
		};
		FC32B1B82990034400BF8F51 /* PBXTargetDependency */ = {
			isa = PBXTargetDependency;
			target = FC32B1952990034300BF8F51 /* Project8 */;
			targetProxy = FC32B1B72990034400BF8F51 /* PBXContainerItemProxy */;
		};
/* End PBXTargetDependency section */

/* Begin PBXVariantGroup section */
		FC32B19F2990034300BF8F51 /* Main.storyboard */ = {
			isa = PBXVariantGroup;
			children = (
				FC32B1A02990034300BF8F51 /* Base */,
			);
			name = Main.storyboard;
			sourceTree = "<group>";
		};
		FC32B1A42990034400BF8F51 /* LaunchScreen.storyboard */ = {
			isa = PBXVariantGroup;
			children = (
				FC32B1A52990034400BF8F51 /* Base */,
			);
			name = LaunchScreen.storyboard;
			sourceTree = "<group>";
		};
/* End PBXVariantGroup section */

/* Begin XCBuildConfiguration section */
		FC32B1BE2990034400BF8F51 /* Debug */ = {
			isa = XCBuildConfiguration;
			buildSettings = {
				ALWAYS_SEARCH_USER_PATHS = NO;
				CLANG_ANALYZER_NONNULL = YES;
				CLANG_ANALYZER_NUMBER_OBJECT_CONVERSION = YES_AGGRESSIVE;
				CLANG_CXX_LANGUAGE_STANDARD = "gnu++20";
				CLANG_ENABLE_MODULES = YES;
				CLANG_ENABLE_OBJC_ARC = YES;
				CLANG_ENABLE_OBJC_WEAK = YES;
				CLANG_WARN_BLOCK_CAPTURE_AUTORELEASING = YES;
				CLANG_WARN_BOOL_CONVERSION = YES;
				CLANG_WARN_COMMA = YES;
				CLANG_WARN_CONSTANT_CONVERSION = YES;
				CLANG_WARN_DEPRECATED_OBJC_IMPLEMENTATIONS = YES;
				CLANG_WARN_DIRECT_OBJC_ISA_USAGE = YES_ERROR;
				CLANG_WARN_DOCUMENTATION_COMMENTS = YES;
				CLANG_WARN_EMPTY_BODY = YES;
				CLANG_WARN_ENUM_CONVERSION = YES;
				CLANG_WARN_INFINITE_RECURSION = YES;
				CLANG_WARN_INT_CONVERSION = YES;
				CLANG_WARN_NON_LITERAL_NULL_CONVERSION = YES;
				CLANG_WARN_OBJC_IMPLICIT_RETAIN_SELF = YES;
				CLANG_WARN_OBJC_LITERAL_CONVERSION = YES;
				CLANG_WARN_OBJC_ROOT_CLASS = YES_ERROR;
				CLANG_WARN_QUOTED_INCLUDE_IN_FRAMEWORK_HEADER = YES;
				CLANG_WARN_RANGE_LOOP_ANALYSIS = YES;
				CLANG_WARN_STRICT_PROTOTYPES = YES;
				CLANG_WARN_SUSPICIOUS_MOVE = YES;
				CLANG_WARN_UNGUARDED_AVAILABILITY = YES_AGGRESSIVE;
				CLANG_WARN_UNREACHABLE_CODE = YES;
				CLANG_WARN__DUPLICATE_METHOD_MATCH = YES;
				COPY_PHASE_STRIP = NO;
				DEBUG_INFORMATION_FORMAT = dwarf;
				ENABLE_STRICT_OBJC_MSGSEND = YES;
				ENABLE_TESTABILITY = YES;
				GCC_C_LANGUAGE_STANDARD = gnu11;
				GCC_DYNAMIC_NO_PIC = NO;
				GCC_NO_COMMON_BLOCKS = YES;
				GCC_OPTIMIZATION_LEVEL = 0;
				GCC_PREPROCESSOR_DEFINITIONS = (
					"DEBUG=1",
					"$(inherited)",
				);
				GCC_WARN_64_TO_32_BIT_CONVERSION = YES;
				GCC_WARN_ABOUT_RETURN_TYPE = YES_ERROR;
				GCC_WARN_UNDECLARED_SELECTOR = YES;
				GCC_WARN_UNINITIALIZED_AUTOS = YES_AGGRESSIVE;
				GCC_WARN_UNUSED_FUNCTION = YES;
				GCC_WARN_UNUSED_VARIABLE = YES;
				IPHONEOS_DEPLOYMENT_TARGET = 16.2;
				MTL_ENABLE_DEBUG_INFO = INCLUDE_SOURCE;
				MTL_FAST_MATH = YES;
				ONLY_ACTIVE_ARCH = YES;
				SDKROOT = iphoneos;
				SWIFT_ACTIVE_COMPILATION_CONDITIONS = DEBUG;
				SWIFT_OPTIMIZATION_LEVEL = "-Onone";
			};
			name = Debug;
		};
		FC32B1BF2990034400BF8F51 /* Release */ = {
			isa = XCBuildConfiguration;
			buildSettings = {
				ALWAYS_SEARCH_USER_PATHS = NO;
				CLANG_ANALYZER_NONNULL = YES;
				CLANG_ANALYZER_NUMBER_OBJECT_CONVERSION = YES_AGGRESSIVE;
				CLANG_CXX_LANGUAGE_STANDARD = "gnu++20";
				CLANG_ENABLE_MODULES = YES;
				CLANG_ENABLE_OBJC_ARC = YES;
				CLANG_ENABLE_OBJC_WEAK = YES;
				CLANG_WARN_BLOCK_CAPTURE_AUTORELEASING = YES;
				CLANG_WARN_BOOL_CONVERSION = YES;
				CLANG_WARN_COMMA = YES;
				CLANG_WARN_CONSTANT_CONVERSION = YES;
				CLANG_WARN_DEPRECATED_OBJC_IMPLEMENTATIONS = YES;
				CLANG_WARN_DIRECT_OBJC_ISA_USAGE = YES_ERROR;
				CLANG_WARN_DOCUMENTATION_COMMENTS = YES;
				CLANG_WARN_EMPTY_BODY = YES;
				CLANG_WARN_ENUM_CONVERSION = YES;
				CLANG_WARN_INFINITE_RECURSION = YES;
				CLANG_WARN_INT_CONVERSION = YES;
				CLANG_WARN_NON_LITERAL_NULL_CONVERSION = YES;
				CLANG_WARN_OBJC_IMPLICIT_RETAIN_SELF = YES;
				CLANG_WARN_OBJC_LITERAL_CONVERSION = YES;
				CLANG_WARN_OBJC_ROOT_CLASS = YES_ERROR;
				CLANG_WARN_QUOTED_INCLUDE_IN_FRAMEWORK_HEADER = YES;
				CLANG_WARN_RANGE_LOOP_ANALYSIS = YES;
				CLANG_WARN_STRICT_PROTOTYPES = YES;
				CLANG_WARN_SUSPICIOUS_MOVE = YES;
				CLANG_WARN_UNGUARDED_AVAILABILITY = YES_AGGRESSIVE;
				CLANG_WARN_UNREACHABLE_CODE = YES;
				CLANG_WARN__DUPLICATE_METHOD_MATCH = YES;
				COPY_PHASE_STRIP = NO;
				DEBUG_INFORMATION_FORMAT = "dwarf-with-dsym";
				ENABLE_NS_ASSERTIONS = NO;
				ENABLE_STRICT_OBJC_MSGSEND = YES;
				GCC_C_LANGUAGE_STANDARD = gnu11;
				GCC_NO_COMMON_BLOCKS = YES;
				GCC_WARN_64_TO_32_BIT_CONVERSION = YES;
				GCC_WARN_ABOUT_RETURN_TYPE = YES_ERROR;
				GCC_WARN_UNDECLARED_SELECTOR = YES;
				GCC_WARN_UNINITIALIZED_AUTOS = YES_AGGRESSIVE;
				GCC_WARN_UNUSED_FUNCTION = YES;
				GCC_WARN_UNUSED_VARIABLE = YES;
				IPHONEOS_DEPLOYMENT_TARGET = 16.2;
				MTL_ENABLE_DEBUG_INFO = NO;
				MTL_FAST_MATH = YES;
				SDKROOT = iphoneos;
				SWIFT_COMPILATION_MODE = wholemodule;
				SWIFT_OPTIMIZATION_LEVEL = "-O";
				VALIDATE_PRODUCT = YES;
			};
			name = Release;
		};
		FC32B1C12990034400BF8F51 /* Debug */ = {
			isa = XCBuildConfiguration;
			buildSettings = {
				ASSETCATALOG_COMPILER_APPICON_NAME = AppIcon;
				ASSETCATALOG_COMPILER_GLOBAL_ACCENT_COLOR_NAME = AccentColor;
				CODE_SIGN_STYLE = Automatic;
				CURRENT_PROJECT_VERSION = 1;
				DEVELOPMENT_TEAM = 4RZ393UM8U;
				GENERATE_INFOPLIST_FILE = YES;
				INFOPLIST_FILE = Project8/Info.plist;
				INFOPLIST_KEY_UIApplicationSupportsIndirectInputEvents = YES;
				INFOPLIST_KEY_UILaunchStoryboardName = LaunchScreen;
				INFOPLIST_KEY_UIMainStoryboardFile = Main;
				INFOPLIST_KEY_UIStatusBarStyle = "";
				INFOPLIST_KEY_UISupportedInterfaceOrientations_iPad = "UIInterfaceOrientationPortrait UIInterfaceOrientationPortraitUpsideDown UIInterfaceOrientationLandscapeLeft UIInterfaceOrientationLandscapeRight";
				INFOPLIST_KEY_UISupportedInterfaceOrientations_iPhone = "UIInterfaceOrientationPortrait UIInterfaceOrientationLandscapeLeft UIInterfaceOrientationLandscapeRight";
				LD_RUNPATH_SEARCH_PATHS = (
					"$(inherited)",
					"@executable_path/Frameworks",
				);
				MARKETING_VERSION = 1.0;
				PRODUCT_BUNDLE_IDENTIFIER = emirarikan.Project8;
				PRODUCT_NAME = "$(TARGET_NAME)";
				SUPPORTED_PLATFORMS = "iphoneos iphonesimulator";
				SUPPORTS_MACCATALYST = NO;
				SUPPORTS_MAC_DESIGNED_FOR_IPHONE_IPAD = NO;
				SWIFT_EMIT_LOC_STRINGS = YES;
				SWIFT_VERSION = 5.0;
				TARGETED_DEVICE_FAMILY = 2;
			};
			name = Debug;
		};
		FC32B1C22990034400BF8F51 /* Release */ = {
			isa = XCBuildConfiguration;
			buildSettings = {
				ASSETCATALOG_COMPILER_APPICON_NAME = AppIcon;
				ASSETCATALOG_COMPILER_GLOBAL_ACCENT_COLOR_NAME = AccentColor;
				CODE_SIGN_STYLE = Automatic;
				CURRENT_PROJECT_VERSION = 1;
				DEVELOPMENT_TEAM = 4RZ393UM8U;
				GENERATE_INFOPLIST_FILE = YES;
				INFOPLIST_FILE = Project8/Info.plist;
				INFOPLIST_KEY_UIApplicationSupportsIndirectInputEvents = YES;
				INFOPLIST_KEY_UILaunchStoryboardName = LaunchScreen;
				INFOPLIST_KEY_UIMainStoryboardFile = Main;
				INFOPLIST_KEY_UIStatusBarStyle = "";
				INFOPLIST_KEY_UISupportedInterfaceOrientations_iPad = "UIInterfaceOrientationPortrait UIInterfaceOrientationPortraitUpsideDown UIInterfaceOrientationLandscapeLeft UIInterfaceOrientationLandscapeRight";
				INFOPLIST_KEY_UISupportedInterfaceOrientations_iPhone = "UIInterfaceOrientationPortrait UIInterfaceOrientationLandscapeLeft UIInterfaceOrientationLandscapeRight";
				LD_RUNPATH_SEARCH_PATHS = (
					"$(inherited)",
					"@executable_path/Frameworks",
				);
				MARKETING_VERSION = 1.0;
				PRODUCT_BUNDLE_IDENTIFIER = emirarikan.Project8;
				PRODUCT_NAME = "$(TARGET_NAME)";
				SUPPORTED_PLATFORMS = "iphoneos iphonesimulator";
				SUPPORTS_MACCATALYST = NO;
				SUPPORTS_MAC_DESIGNED_FOR_IPHONE_IPAD = NO;
				SWIFT_EMIT_LOC_STRINGS = YES;
				SWIFT_VERSION = 5.0;
				TARGETED_DEVICE_FAMILY = 2;
			};
			name = Release;
		};
		FC32B1C42990034400BF8F51 /* Debug */ = {
			isa = XCBuildConfiguration;
			buildSettings = {
				ALWAYS_EMBED_SWIFT_STANDARD_LIBRARIES = YES;
				BUNDLE_LOADER = "$(TEST_HOST)";
				CODE_SIGN_STYLE = Automatic;
				CURRENT_PROJECT_VERSION = 1;
				DEVELOPMENT_TEAM = 4RZ393UM8U;
				GENERATE_INFOPLIST_FILE = YES;
				IPHONEOS_DEPLOYMENT_TARGET = 16.2;
				MARKETING_VERSION = 1.0;
				PRODUCT_BUNDLE_IDENTIFIER = emirarikan.Project8Tests;
				PRODUCT_NAME = "$(TARGET_NAME)";
				SWIFT_EMIT_LOC_STRINGS = NO;
				SWIFT_VERSION = 5.0;
				TARGETED_DEVICE_FAMILY = "1,2";
				TEST_HOST = "$(BUILT_PRODUCTS_DIR)/Project8.app/$(BUNDLE_EXECUTABLE_FOLDER_PATH)/Project8";
			};
			name = Debug;
		};
		FC32B1C52990034400BF8F51 /* Release */ = {
			isa = XCBuildConfiguration;
			buildSettings = {
				ALWAYS_EMBED_SWIFT_STANDARD_LIBRARIES = YES;
				BUNDLE_LOADER = "$(TEST_HOST)";
				CODE_SIGN_STYLE = Automatic;
				CURRENT_PROJECT_VERSION = 1;
				DEVELOPMENT_TEAM = 4RZ393UM8U;
				GENERATE_INFOPLIST_FILE = YES;
				IPHONEOS_DEPLOYMENT_TARGET = 16.2;
				MARKETING_VERSION = 1.0;
				PRODUCT_BUNDLE_IDENTIFIER = emirarikan.Project8Tests;
				PRODUCT_NAME = "$(TARGET_NAME)";
				SWIFT_EMIT_LOC_STRINGS = NO;
				SWIFT_VERSION = 5.0;
				TARGETED_DEVICE_FAMILY = "1,2";
				TEST_HOST = "$(BUILT_PRODUCTS_DIR)/Project8.app/$(BUNDLE_EXECUTABLE_FOLDER_PATH)/Project8";
			};
			name = Release;
		};
		FC32B1C72990034400BF8F51 /* Debug */ = {
			isa = XCBuildConfiguration;
			buildSettings = {
				ALWAYS_EMBED_SWIFT_STANDARD_LIBRARIES = YES;
				CODE_SIGN_STYLE = Automatic;
				CURRENT_PROJECT_VERSION = 1;
				DEVELOPMENT_TEAM = 4RZ393UM8U;
				GENERATE_INFOPLIST_FILE = YES;
				MARKETING_VERSION = 1.0;
				PRODUCT_BUNDLE_IDENTIFIER = emirarikan.Project8UITests;
				PRODUCT_NAME = "$(TARGET_NAME)";
				SWIFT_EMIT_LOC_STRINGS = NO;
				SWIFT_VERSION = 5.0;
				TARGETED_DEVICE_FAMILY = "1,2";
				TEST_TARGET_NAME = Project8;
			};
			name = Debug;
		};
		FC32B1C82990034400BF8F51 /* Release */ = {
			isa = XCBuildConfiguration;
			buildSettings = {
				ALWAYS_EMBED_SWIFT_STANDARD_LIBRARIES = YES;
				CODE_SIGN_STYLE = Automatic;
				CURRENT_PROJECT_VERSION = 1;
				DEVELOPMENT_TEAM = 4RZ393UM8U;
				GENERATE_INFOPLIST_FILE = YES;
				MARKETING_VERSION = 1.0;
				PRODUCT_BUNDLE_IDENTIFIER = emirarikan.Project8UITests;
				PRODUCT_NAME = "$(TARGET_NAME)";
				SWIFT_EMIT_LOC_STRINGS = NO;
				SWIFT_VERSION = 5.0;
				TARGETED_DEVICE_FAMILY = "1,2";
				TEST_TARGET_NAME = Project8;
			};
			name = Release;
		};
/* End XCBuildConfiguration section */

/* Begin XCConfigurationList section */
		FC32B1912990034300BF8F51 /* Build configuration list for PBXProject "Project8" */ = {
			isa = XCConfigurationList;
			buildConfigurations = (
				FC32B1BE2990034400BF8F51 /* Debug */,
				FC32B1BF2990034400BF8F51 /* Release */,
			);
			defaultConfigurationIsVisible = 0;
			defaultConfigurationName = Release;
		};
		FC32B1C02990034400BF8F51 /* Build configuration list for PBXNativeTarget "Project8" */ = {
			isa = XCConfigurationList;
			buildConfigurations = (
				FC32B1C12990034400BF8F51 /* Debug */,
				FC32B1C22990034400BF8F51 /* Release */,
			);
			defaultConfigurationIsVisible = 0;
			defaultConfigurationName = Release;
		};
		FC32B1C32990034400BF8F51 /* Build configuration list for PBXNativeTarget "Project8Tests" */ = {
			isa = XCConfigurationList;
			buildConfigurations = (
				FC32B1C42990034400BF8F51 /* Debug */,
				FC32B1C52990034400BF8F51 /* Release */,
			);
			defaultConfigurationIsVisible = 0;
			defaultConfigurationName = Release;
		};
		FC32B1C62990034400BF8F51 /* Build configuration list for PBXNativeTarget "Project8UITests" */ = {
			isa = XCConfigurationList;
			buildConfigurations = (
				FC32B1C72990034400BF8F51 /* Debug */,
				FC32B1C82990034400BF8F51 /* Release */,
			);
			defaultConfigurationIsVisible = 0;
			defaultConfigurationName = Release;
		};
/* End XCConfigurationList section */
	};
	rootObject = FC32B18E2990034300BF8F51 /* Project object */;
}
