// !$*UTF8*$!
{
	archiveVersion = 1;
	classes = {
	};
	objectVersion = 56;
	objects = {

/* Begin PBXBuildFile section */
		FCC32944298B0461003FFB9B /* AppDelegate.swift in Sources */ = {isa = PBXBuildFile; fileRef = FCC32943298B0461003FFB9B /* AppDelegate.swift */; };
		FCC32946298B0461003FFB9B /* SceneDelegate.swift in Sources */ = {isa = PBXBuildFile; fileRef = FCC32945298B0461003FFB9B /* SceneDelegate.swift */; };
		FCC32948298B0461003FFB9B /* ViewController.swift in Sources */ = {isa = PBXBuildFile; fileRef = FCC32947298B0461003FFB9B /* ViewController.swift */; };
		FCC3294B298B0461003FFB9B /* Main.storyboard in Resources */ = {isa = PBXBuildFile; fileRef = FCC32949298B0461003FFB9B /* Main.storyboard */; };
		FCC3294D298B0461003FFB9B /* Assets.xcassets in Resources */ = {isa = PBXBuildFile; fileRef = FCC3294C298B0461003FFB9B /* Assets.xcassets */; };
		FCC32950298B0461003FFB9B /* LaunchScreen.storyboard in Resources */ = {isa = PBXBuildFile; fileRef = FCC3294E298B0461003FFB9B /* LaunchScreen.storyboard */; };
		FCC3295B298B0461003FFB9B /* Project4Tests.swift in Sources */ = {isa = PBXBuildFile; fileRef = FCC3295A298B0461003FFB9B /* Project4Tests.swift */; };
		FCC32965298B0461003FFB9B /* Project4UITests.swift in Sources */ = {isa = PBXBuildFile; fileRef = FCC32964298B0461003FFB9B /* Project4UITests.swift */; };
		FCC32967298B0461003FFB9B /* Project4UITestsLaunchTests.swift in Sources */ = {isa = PBXBuildFile; fileRef = FCC32966298B0461003FFB9B /* Project4UITestsLaunchTests.swift */; };
/* End PBXBuildFile section */

/* Begin PBXContainerItemProxy section */
		FCC32957298B0461003FFB9B /* PBXContainerItemProxy */ = {
			isa = PBXContainerItemProxy;
			containerPortal = FCC32938298B0461003FFB9B /* Project object */;
			proxyType = 1;
			remoteGlobalIDString = FCC3293F298B0461003FFB9B;
			remoteInfo = Project4;
		};
		FCC32961298B0461003FFB9B /* PBXContainerItemProxy */ = {
			isa = PBXContainerItemProxy;
			containerPortal = FCC32938298B0461003FFB9B /* Project object */;
			proxyType = 1;
			remoteGlobalIDString = FCC3293F298B0461003FFB9B;
			remoteInfo = Project4;
		};
/* End PBXContainerItemProxy section */

/* Begin PBXFileReference section */
		FCC32940298B0461003FFB9B /* Project4.app */ = {isa = PBXFileReference; explicitFileType = wrapper.application; includeInIndex = 0; path = Project4.app; sourceTree = BUILT_PRODUCTS_DIR; };
		FCC32943298B0461003FFB9B /* AppDelegate.swift */ = {isa = PBXFileReference; lastKnownFileType = sourcecode.swift; path = AppDelegate.swift; sourceTree = "<group>"; };
		FCC32945298B0461003FFB9B /* SceneDelegate.swift */ = {isa = PBXFileReference; lastKnownFileType = sourcecode.swift; path = SceneDelegate.swift; sourceTree = "<group>"; };
		FCC32947298B0461003FFB9B /* ViewController.swift */ = {isa = PBXFileReference; lastKnownFileType = sourcecode.swift; path = ViewController.swift; sourceTree = "<group>"; };
		FCC3294A298B0461003FFB9B /* Base */ = {isa = PBXFileReference; lastKnownFileType = file.storyboard; name = Base; path = Base.lproj/Main.storyboard; sourceTree = "<group>"; };
		FCC3294C298B0461003FFB9B /* Assets.xcassets */ = {isa = PBXFileReference; lastKnownFileType = folder.assetcatalog; path = Assets.xcassets; sourceTree = "<group>"; };
		FCC3294F298B0461003FFB9B /* Base */ = {isa = PBXFileReference; lastKnownFileType = file.storyboard; name = Base; path = Base.lproj/LaunchScreen.storyboard; sourceTree = "<group>"; };
		FCC32951298B0461003FFB9B /* Info.plist */ = {isa = PBXFileReference; lastKnownFileType = text.plist.xml; path = Info.plist; sourceTree = "<group>"; };
		FCC32956298B0461003FFB9B /* Project4Tests.xctest */ = {isa = PBXFileReference; explicitFileType = wrapper.cfbundle; includeInIndex = 0; path = Project4Tests.xctest; sourceTree = BUILT_PRODUCTS_DIR; };
		FCC3295A298B0461003FFB9B /* Project4Tests.swift */ = {isa = PBXFileReference; lastKnownFileType = sourcecode.swift; path = Project4Tests.swift; sourceTree = "<group>"; };
		FCC32960298B0461003FFB9B /* Project4UITests.xctest */ = {isa = PBXFileReference; explicitFileType = wrapper.cfbundle; includeInIndex = 0; path = Project4UITests.xctest; sourceTree = BUILT_PRODUCTS_DIR; };
		FCC32964298B0461003FFB9B /* Project4UITests.swift */ = {isa = PBXFileReference; lastKnownFileType = sourcecode.swift; path = Project4UITests.swift; sourceTree = "<group>"; };
		FCC32966298B0461003FFB9B /* Project4UITestsLaunchTests.swift */ = {isa = PBXFileReference; lastKnownFileType = sourcecode.swift; path = Project4UITestsLaunchTests.swift; sourceTree = "<group>"; };
/* End PBXFileReference section */

/* Begin PBXFrameworksBuildPhase section */
		FCC3293D298B0461003FFB9B /* Frameworks */ = {
			isa = PBXFrameworksBuildPhase;
			buildActionMask = 2147483647;
			files = (
			);
			runOnlyForDeploymentPostprocessing = 0;
		};
		FCC32953298B0461003FFB9B /* Frameworks */ = {
			isa = PBXFrameworksBuildPhase;
			buildActionMask = 2147483647;
			files = (
			);
			runOnlyForDeploymentPostprocessing = 0;
		};
		FCC3295D298B0461003FFB9B /* Frameworks */ = {
			isa = PBXFrameworksBuildPhase;
			buildActionMask = 2147483647;
			files = (
			);
			runOnlyForDeploymentPostprocessing = 0;
		};
/* End PBXFrameworksBuildPhase section */

/* Begin PBXGroup section */
		FCC32937298B0461003FFB9B = {
			isa = PBXGroup;
			children = (
				FCC32942298B0461003FFB9B /* Project4 */,
				FCC32959298B0461003FFB9B /* Project4Tests */,
				FCC32963298B0461003FFB9B /* Project4UITests */,
				FCC32941298B0461003FFB9B /* Products */,
			);
			sourceTree = "<group>";
		};
		FCC32941298B0461003FFB9B /* Products */ = {
			isa = PBXGroup;
			children = (
				FCC32940298B0461003FFB9B /* Project4.app */,
				FCC32956298B0461003FFB9B /* Project4Tests.xctest */,
				FCC32960298B0461003FFB9B /* Project4UITests.xctest */,
			);
			name = Products;
			sourceTree = "<group>";
		};
		FCC32942298B0461003FFB9B /* Project4 */ = {
			isa = PBXGroup;
			children = (
				FCC32943298B0461003FFB9B /* AppDelegate.swift */,
				FCC32945298B0461003FFB9B /* SceneDelegate.swift */,
				FCC32947298B0461003FFB9B /* ViewController.swift */,
				FCC32949298B0461003FFB9B /* Main.storyboard */,
				FCC3294C298B0461003FFB9B /* Assets.xcassets */,
				FCC3294E298B0461003FFB9B /* LaunchScreen.storyboard */,
				FCC32951298B0461003FFB9B /* Info.plist */,
			);
			path = Project4;
			sourceTree = "<group>";
		};
		FCC32959298B0461003FFB9B /* Project4Tests */ = {
			isa = PBXGroup;
			children = (
				FCC3295A298B0461003FFB9B /* Project4Tests.swift */,
			);
			path = Project4Tests;
			sourceTree = "<group>";
		};
		FCC32963298B0461003FFB9B /* Project4UITests */ = {
			isa = PBXGroup;
			children = (
				FCC32964298B0461003FFB9B /* Project4UITests.swift */,
				FCC32966298B0461003FFB9B /* Project4UITestsLaunchTests.swift */,
			);
			path = Project4UITests;
			sourceTree = "<group>";
		};
/* End PBXGroup section */

/* Begin PBXNativeTarget section */
		FCC3293F298B0461003FFB9B /* Project4 */ = {
			isa = PBXNativeTarget;
			buildConfigurationList = FCC3296A298B0461003FFB9B /* Build configuration list for PBXNativeTarget "Project4" */;
			buildPhases = (
				FCC3293C298B0461003FFB9B /* Sources */,
				FCC3293D298B0461003FFB9B /* Frameworks */,
				FCC3293E298B0461003FFB9B /* Resources */,
			);
			buildRules = (
			);
			dependencies = (
			);
			name = Project4;
			productName = Project4;
			productReference = FCC32940298B0461003FFB9B /* Project4.app */;
			productType = "com.apple.product-type.application";
		};
		FCC32955298B0461003FFB9B /* Project4Tests */ = {
			isa = PBXNativeTarget;
			buildConfigurationList = FCC3296D298B0461003FFB9B /* Build configuration list for PBXNativeTarget "Project4Tests" */;
			buildPhases = (
				FCC32952298B0461003FFB9B /* Sources */,
				FCC32953298B0461003FFB9B /* Frameworks */,
				FCC32954298B0461003FFB9B /* Resources */,
			);
			buildRules = (
			);
			dependencies = (
				FCC32958298B0461003FFB9B /* PBXTargetDependency */,
			);
			name = Project4Tests;
			productName = Project4Tests;
			productReference = FCC32956298B0461003FFB9B /* Project4Tests.xctest */;
			productType = "com.apple.product-type.bundle.unit-test";
		};
		FCC3295F298B0461003FFB9B /* Project4UITests */ = {
			isa = PBXNativeTarget;
			buildConfigurationList = FCC32970298B0461003FFB9B /* Build configuration list for PBXNativeTarget "Project4UITests" */;
			buildPhases = (
				FCC3295C298B0461003FFB9B /* Sources */,
				FCC3295D298B0461003FFB9B /* Frameworks */,
				FCC3295E298B0461003FFB9B /* Resources */,
			);
			buildRules = (
			);
			dependencies = (
				FCC32962298B0461003FFB9B /* PBXTargetDependency */,
			);
			name = Project4UITests;
			productName = Project4UITests;
			productReference = FCC32960298B0461003FFB9B /* Project4UITests.xctest */;
			productType = "com.apple.product-type.bundle.ui-testing";
		};
/* End PBXNativeTarget section */

/* Begin PBXProject section */
		FCC32938298B0461003FFB9B /* Project object */ = {
			isa = PBXProject;
			attributes = {
				BuildIndependentTargetsInParallel = 1;
				LastSwiftUpdateCheck = 1420;
				LastUpgradeCheck = 1420;
				TargetAttributes = {
					FCC3293F298B0461003FFB9B = {
						CreatedOnToolsVersion = 14.2;
					};
					FCC32955298B0461003FFB9B = {
						CreatedOnToolsVersion = 14.2;
						TestTargetID = FCC3293F298B0461003FFB9B;
					};
					FCC3295F298B0461003FFB9B = {
						CreatedOnToolsVersion = 14.2;
						TestTargetID = FCC3293F298B0461003FFB9B;
					};
				};
			};
			buildConfigurationList = FCC3293B298B0461003FFB9B /* Build configuration list for PBXProject "Project4" */;
			compatibilityVersion = "Xcode 14.0";
			developmentRegion = en;
			hasScannedForEncodings = 0;
			knownRegions = (
				en,
				Base,
			);
			mainGroup = FCC32937298B0461003FFB9B;
			productRefGroup = FCC32941298B0461003FFB9B /* Products */;
			projectDirPath = "";
			projectRoot = "";
			targets = (
				FCC3293F298B0461003FFB9B /* Project4 */,
				FCC32955298B0461003FFB9B /* Project4Tests */,
				FCC3295F298B0461003FFB9B /* Project4UITests */,
			);
		};
/* End PBXProject section */

/* Begin PBXResourcesBuildPhase section */
		FCC3293E298B0461003FFB9B /* Resources */ = {
			isa = PBXResourcesBuildPhase;
			buildActionMask = 2147483647;
			files = (
				FCC32950298B0461003FFB9B /* LaunchScreen.storyboard in Resources */,
				FCC3294D298B0461003FFB9B /* Assets.xcassets in Resources */,
				FCC3294B298B0461003FFB9B /* Main.storyboard in Resources */,
			);
			runOnlyForDeploymentPostprocessing = 0;
		};
		FCC32954298B0461003FFB9B /* Resources */ = {
			isa = PBXResourcesBuildPhase;
			buildActionMask = 2147483647;
			files = (
			);
			runOnlyForDeploymentPostprocessing = 0;
		};
		FCC3295E298B0461003FFB9B /* Resources */ = {
			isa = PBXResourcesBuildPhase;
			buildActionMask = 2147483647;
			files = (
			);
			runOnlyForDeploymentPostprocessing = 0;
		};
/* End PBXResourcesBuildPhase section */

/* Begin PBXSourcesBuildPhase section */
		FCC3293C298B0461003FFB9B /* Sources */ = {
			isa = PBXSourcesBuildPhase;
			buildActionMask = 2147483647;
			files = (
				FCC32948298B0461003FFB9B /* ViewController.swift in Sources */,
				FCC32944298B0461003FFB9B /* AppDelegate.swift in Sources */,
				FCC32946298B0461003FFB9B /* SceneDelegate.swift in Sources */,
			);
			runOnlyForDeploymentPostprocessing = 0;
		};
		FCC32952298B0461003FFB9B /* Sources */ = {
			isa = PBXSourcesBuildPhase;
			buildActionMask = 2147483647;
			files = (
				FCC3295B298B0461003FFB9B /* Project4Tests.swift in Sources */,
			);
			runOnlyForDeploymentPostprocessing = 0;
		};
		FCC3295C298B0461003FFB9B /* Sources */ = {
			isa = PBXSourcesBuildPhase;
			buildActionMask = 2147483647;
			files = (
				FCC32967298B0461003FFB9B /* Project4UITestsLaunchTests.swift in Sources */,
				FCC32965298B0461003FFB9B /* Project4UITests.swift in Sources */,
			);
			runOnlyForDeploymentPostprocessing = 0;
		};
/* End PBXSourcesBuildPhase section */

/* Begin PBXTargetDependency section */
		FCC32958298B0461003FFB9B /* PBXTargetDependency */ = {
			isa = PBXTargetDependency;
			target = FCC3293F298B0461003FFB9B /* Project4 */;
			targetProxy = FCC32957298B0461003FFB9B /* PBXContainerItemProxy */;
		};
		FCC32962298B0461003FFB9B /* PBXTargetDependency */ = {
			isa = PBXTargetDependency;
			target = FCC3293F298B0461003FFB9B /* Project4 */;
			targetProxy = FCC32961298B0461003FFB9B /* PBXContainerItemProxy */;
		};
/* End PBXTargetDependency section */

/* Begin PBXVariantGroup section */
		FCC32949298B0461003FFB9B /* Main.storyboard */ = {
			isa = PBXVariantGroup;
			children = (
				FCC3294A298B0461003FFB9B /* Base */,
			);
			name = Main.storyboard;
			sourceTree = "<group>";
		};
		FCC3294E298B0461003FFB9B /* LaunchScreen.storyboard */ = {
			isa = PBXVariantGroup;
			children = (
				FCC3294F298B0461003FFB9B /* Base */,
			);
			name = LaunchScreen.storyboard;
			sourceTree = "<group>";
		};
/* End PBXVariantGroup section */

/* Begin XCBuildConfiguration section */
		FCC32968298B0461003FFB9B /* Debug */ = {
			isa = XCBuildConfiguration;
			buildSettings = {
				ALWAYS_SEARCH_USER_PATHS = NO;
				CLANG_ANALYZER_NONNULL = YES;
				CLANG_ANALYZER_NUMBER_OBJECT_CONVERSION = YES_AGGRESSIVE;
				CLANG_CXX_LANGUAGE_STANDARD = "gnu++20";
				CLANG_ENABLE_MODULES = YES;
				CLANG_ENABLE_OBJC_ARC = YES;
				CLANG_ENABLE_OBJC_WEAK = YES;
				CLANG_WARN_BLOCK_CAPTURE_AUTORELEASING = YES;
				CLANG_WARN_BOOL_CONVERSION = YES;
				CLANG_WARN_COMMA = YES;
				CLANG_WARN_CONSTANT_CONVERSION = YES;
				CLANG_WARN_DEPRECATED_OBJC_IMPLEMENTATIONS = YES;
				CLANG_WARN_DIRECT_OBJC_ISA_USAGE = YES_ERROR;
				CLANG_WARN_DOCUMENTATION_COMMENTS = YES;
				CLANG_WARN_EMPTY_BODY = YES;
				CLANG_WARN_ENUM_CONVERSION = YES;
				CLANG_WARN_INFINITE_RECURSION = YES;
				CLANG_WARN_INT_CONVERSION = YES;
				CLANG_WARN_NON_LITERAL_NULL_CONVERSION = YES;
				CLANG_WARN_OBJC_IMPLICIT_RETAIN_SELF = YES;
				CLANG_WARN_OBJC_LITERAL_CONVERSION = YES;
				CLANG_WARN_OBJC_ROOT_CLASS = YES_ERROR;
				CLANG_WARN_QUOTED_INCLUDE_IN_FRAMEWORK_HEADER = YES;
				CLANG_WARN_RANGE_LOOP_ANALYSIS = YES;
				CLANG_WARN_STRICT_PROTOTYPES = YES;
				CLANG_WARN_SUSPICIOUS_MOVE = YES;
				CLANG_WARN_UNGUARDED_AVAILABILITY = YES_AGGRESSIVE;
				CLANG_WARN_UNREACHABLE_CODE = YES;
				CLANG_WARN__DUPLICATE_METHOD_MATCH = YES;
				COPY_PHASE_STRIP = NO;
				DEBUG_INFORMATION_FORMAT = dwarf;
				ENABLE_STRICT_OBJC_MSGSEND = YES;
				ENABLE_TESTABILITY = YES;
				GCC_C_LANGUAGE_STANDARD = gnu11;
				GCC_DYNAMIC_NO_PIC = NO;
				GCC_NO_COMMON_BLOCKS = YES;
				GCC_OPTIMIZATION_LEVEL = 0;
				GCC_PREPROCESSOR_DEFINITIONS = (
					"DEBUG=1",
					"$(inherited)",
				);
				GCC_WARN_64_TO_32_BIT_CONVERSION = YES;
				GCC_WARN_ABOUT_RETURN_TYPE = YES_ERROR;
				GCC_WARN_UNDECLARED_SELECTOR = YES;
				GCC_WARN_UNINITIALIZED_AUTOS = YES_AGGRESSIVE;
				GCC_WARN_UNUSED_FUNCTION = YES;
				GCC_WARN_UNUSED_VARIABLE = YES;
				IPHONEOS_DEPLOYMENT_TARGET = 16.2;
				MTL_ENABLE_DEBUG_INFO = INCLUDE_SOURCE;
				MTL_FAST_MATH = YES;
				ONLY_ACTIVE_ARCH = YES;
				SDKROOT = iphoneos;
				SWIFT_ACTIVE_COMPILATION_CONDITIONS = DEBUG;
				SWIFT_OPTIMIZATION_LEVEL = "-Onone";
			};
			name = Debug;
		};
		FCC32969298B0461003FFB9B /* Release */ = {
			isa = XCBuildConfiguration;
			buildSettings = {
				ALWAYS_SEARCH_USER_PATHS = NO;
				CLANG_ANALYZER_NONNULL = YES;
				CLANG_ANALYZER_NUMBER_OBJECT_CONVERSION = YES_AGGRESSIVE;
				CLANG_CXX_LANGUAGE_STANDARD = "gnu++20";
				CLANG_ENABLE_MODULES = YES;
				CLANG_ENABLE_OBJC_ARC = YES;
				CLANG_ENABLE_OBJC_WEAK = YES;
				CLANG_WARN_BLOCK_CAPTURE_AUTORELEASING = YES;
				CLANG_WARN_BOOL_CONVERSION = YES;
				CLANG_WARN_COMMA = YES;
				CLANG_WARN_CONSTANT_CONVERSION = YES;
				CLANG_WARN_DEPRECATED_OBJC_IMPLEMENTATIONS = YES;
				CLANG_WARN_DIRECT_OBJC_ISA_USAGE = YES_ERROR;
				CLANG_WARN_DOCUMENTATION_COMMENTS = YES;
				CLANG_WARN_EMPTY_BODY = YES;
				CLANG_WARN_ENUM_CONVERSION = YES;
				CLANG_WARN_INFINITE_RECURSION = YES;
				CLANG_WARN_INT_CONVERSION = YES;
				CLANG_WARN_NON_LITERAL_NULL_CONVERSION = YES;
				CLANG_WARN_OBJC_IMPLICIT_RETAIN_SELF = YES;
				CLANG_WARN_OBJC_LITERAL_CONVERSION = YES;
				CLANG_WARN_OBJC_ROOT_CLASS = YES_ERROR;
				CLANG_WARN_QUOTED_INCLUDE_IN_FRAMEWORK_HEADER = YES;
				CLANG_WARN_RANGE_LOOP_ANALYSIS = YES;
				CLANG_WARN_STRICT_PROTOTYPES = YES;
				CLANG_WARN_SUSPICIOUS_MOVE = YES;
				CLANG_WARN_UNGUARDED_AVAILABILITY = YES_AGGRESSIVE;
				CLANG_WARN_UNREACHABLE_CODE = YES;
				CLANG_WARN__DUPLICATE_METHOD_MATCH = YES;
				COPY_PHASE_STRIP = NO;
				DEBUG_INFORMATION_FORMAT = "dwarf-with-dsym";
				ENABLE_NS_ASSERTIONS = NO;
				ENABLE_STRICT_OBJC_MSGSEND = YES;
				GCC_C_LANGUAGE_STANDARD = gnu11;
				GCC_NO_COMMON_BLOCKS = YES;
				GCC_WARN_64_TO_32_BIT_CONVERSION = YES;
				GCC_WARN_ABOUT_RETURN_TYPE = YES_ERROR;
				GCC_WARN_UNDECLARED_SELECTOR = YES;
				GCC_WARN_UNINITIALIZED_AUTOS = YES_AGGRESSIVE;
				GCC_WARN_UNUSED_FUNCTION = YES;
				GCC_WARN_UNUSED_VARIABLE = YES;
				IPHONEOS_DEPLOYMENT_TARGET = 16.2;
				MTL_ENABLE_DEBUG_INFO = NO;
				MTL_FAST_MATH = YES;
				SDKROOT = iphoneos;
				SWIFT_COMPILATION_MODE = wholemodule;
				SWIFT_OPTIMIZATION_LEVEL = "-O";
				VALIDATE_PRODUCT = YES;
			};
			name = Release;
		};
		FCC3296B298B0461003FFB9B /* Debug */ = {
			isa = XCBuildConfiguration;
			buildSettings = {
				ASSETCATALOG_COMPILER_APPICON_NAME = AppIcon;
				ASSETCATALOG_COMPILER_GLOBAL_ACCENT_COLOR_NAME = AccentColor;
				CODE_SIGN_STYLE = Automatic;
				CURRENT_PROJECT_VERSION = 1;
				DEVELOPMENT_TEAM = 4RZ393UM8U;
				GENERATE_INFOPLIST_FILE = YES;
				INFOPLIST_FILE = Project4/Info.plist;
				INFOPLIST_KEY_UIApplicationSupportsIndirectInputEvents = YES;
				INFOPLIST_KEY_UILaunchStoryboardName = LaunchScreen;
				INFOPLIST_KEY_UIMainStoryboardFile = Main;
				INFOPLIST_KEY_UISupportedInterfaceOrientations_iPad = "UIInterfaceOrientationPortrait UIInterfaceOrientationPortraitUpsideDown UIInterfaceOrientationLandscapeLeft UIInterfaceOrientationLandscapeRight";
				INFOPLIST_KEY_UISupportedInterfaceOrientations_iPhone = "UIInterfaceOrientationPortrait UIInterfaceOrientationLandscapeLeft UIInterfaceOrientationLandscapeRight";
				LD_RUNPATH_SEARCH_PATHS = (
					"$(inherited)",
					"@executable_path/Frameworks",
				);
				MARKETING_VERSION = 1.0;
				PRODUCT_BUNDLE_IDENTIFIER = emirarikan.Project4;
				PRODUCT_NAME = "$(TARGET_NAME)";
				SWIFT_EMIT_LOC_STRINGS = YES;
				SWIFT_VERSION = 5.0;
				TARGETED_DEVICE_FAMILY = "1,2";
			};
			name = Debug;
		};
		FCC3296C298B0461003FFB9B /* Release */ = {
			isa = XCBuildConfiguration;
			buildSettings = {
				ASSETCATALOG_COMPILER_APPICON_NAME = AppIcon;
				ASSETCATALOG_COMPILER_GLOBAL_ACCENT_COLOR_NAME = AccentColor;
				CODE_SIGN_STYLE = Automatic;
				CURRENT_PROJECT_VERSION = 1;
				DEVELOPMENT_TEAM = 4RZ393UM8U;
				GENERATE_INFOPLIST_FILE = YES;
				INFOPLIST_FILE = Project4/Info.plist;
				INFOPLIST_KEY_UIApplicationSupportsIndirectInputEvents = YES;
				INFOPLIST_KEY_UILaunchStoryboardName = LaunchScreen;
				INFOPLIST_KEY_UIMainStoryboardFile = Main;
				INFOPLIST_KEY_UISupportedInterfaceOrientations_iPad = "UIInterfaceOrientationPortrait UIInterfaceOrientationPortraitUpsideDown UIInterfaceOrientationLandscapeLeft UIInterfaceOrientationLandscapeRight";
				INFOPLIST_KEY_UISupportedInterfaceOrientations_iPhone = "UIInterfaceOrientationPortrait UIInterfaceOrientationLandscapeLeft UIInterfaceOrientationLandscapeRight";
				LD_RUNPATH_SEARCH_PATHS = (
					"$(inherited)",
					"@executable_path/Frameworks",
				);
				MARKETING_VERSION = 1.0;
				PRODUCT_BUNDLE_IDENTIFIER = emirarikan.Project4;
				PRODUCT_NAME = "$(TARGET_NAME)";
				SWIFT_EMIT_LOC_STRINGS = YES;
				SWIFT_VERSION = 5.0;
				TARGETED_DEVICE_FAMILY = "1,2";
			};
			name = Release;
		};
		FCC3296E298B0461003FFB9B /* Debug */ = {
			isa = XCBuildConfiguration;
			buildSettings = {
				ALWAYS_EMBED_SWIFT_STANDARD_LIBRARIES = YES;
				BUNDLE_LOADER = "$(TEST_HOST)";
				CODE_SIGN_STYLE = Automatic;
				CURRENT_PROJECT_VERSION = 1;
				DEVELOPMENT_TEAM = 4RZ393UM8U;
				GENERATE_INFOPLIST_FILE = YES;
				IPHONEOS_DEPLOYMENT_TARGET = 16.2;
				MARKETING_VERSION = 1.0;
				PRODUCT_BUNDLE_IDENTIFIER = emirarikan.Project4Tests;
				PRODUCT_NAME = "$(TARGET_NAME)";
				SWIFT_EMIT_LOC_STRINGS = NO;
				SWIFT_VERSION = 5.0;
				TARGETED_DEVICE_FAMILY = "1,2";
				TEST_HOST = "$(BUILT_PRODUCTS_DIR)/Project4.app/$(BUNDLE_EXECUTABLE_FOLDER_PATH)/Project4";
			};
			name = Debug;
		};
		FCC3296F298B0461003FFB9B /* Release */ = {
			isa = XCBuildConfiguration;
			buildSettings = {
				ALWAYS_EMBED_SWIFT_STANDARD_LIBRARIES = YES;
				BUNDLE_LOADER = "$(TEST_HOST)";
				CODE_SIGN_STYLE = Automatic;
				CURRENT_PROJECT_VERSION = 1;
				DEVELOPMENT_TEAM = 4RZ393UM8U;
				GENERATE_INFOPLIST_FILE = YES;
				IPHONEOS_DEPLOYMENT_TARGET = 16.2;
				MARKETING_VERSION = 1.0;
				PRODUCT_BUNDLE_IDENTIFIER = emirarikan.Project4Tests;
				PRODUCT_NAME = "$(TARGET_NAME)";
				SWIFT_EMIT_LOC_STRINGS = NO;
				SWIFT_VERSION = 5.0;
				TARGETED_DEVICE_FAMILY = "1,2";
				TEST_HOST = "$(BUILT_PRODUCTS_DIR)/Project4.app/$(BUNDLE_EXECUTABLE_FOLDER_PATH)/Project4";
			};
			name = Release;
		};
		FCC32971298B0461003FFB9B /* Debug */ = {
			isa = XCBuildConfiguration;
			buildSettings = {
				ALWAYS_EMBED_SWIFT_STANDARD_LIBRARIES = YES;
				CODE_SIGN_STYLE = Automatic;
				CURRENT_PROJECT_VERSION = 1;
				DEVELOPMENT_TEAM = 4RZ393UM8U;
				GENERATE_INFOPLIST_FILE = YES;
				MARKETING_VERSION = 1.0;
				PRODUCT_BUNDLE_IDENTIFIER = emirarikan.Project4UITests;
				PRODUCT_NAME = "$(TARGET_NAME)";
				SWIFT_EMIT_LOC_STRINGS = NO;
				SWIFT_VERSION = 5.0;
				TARGETED_DEVICE_FAMILY = "1,2";
				TEST_TARGET_NAME = Project4;
			};
			name = Debug;
		};
		FCC32972298B0461003FFB9B /* Release */ = {
			isa = XCBuildConfiguration;
			buildSettings = {
				ALWAYS_EMBED_SWIFT_STANDARD_LIBRARIES = YES;
				CODE_SIGN_STYLE = Automatic;
				CURRENT_PROJECT_VERSION = 1;
				DEVELOPMENT_TEAM = 4RZ393UM8U;
				GENERATE_INFOPLIST_FILE = YES;
				MARKETING_VERSION = 1.0;
				PRODUCT_BUNDLE_IDENTIFIER = emirarikan.Project4UITests;
				PRODUCT_NAME = "$(TARGET_NAME)";
				SWIFT_EMIT_LOC_STRINGS = NO;
				SWIFT_VERSION = 5.0;
				TARGETED_DEVICE_FAMILY = "1,2";
				TEST_TARGET_NAME = Project4;
			};
			name = Release;
		};
/* End XCBuildConfiguration section */

/* Begin XCConfigurationList section */
		FCC3293B298B0461003FFB9B /* Build configuration list for PBXProject "Project4" */ = {
			isa = XCConfigurationList;
			buildConfigurations = (
				FCC32968298B0461003FFB9B /* Debug */,
				FCC32969298B0461003FFB9B /* Release */,
			);
			defaultConfigurationIsVisible = 0;
			defaultConfigurationName = Release;
		};
		FCC3296A298B0461003FFB9B /* Build configuration list for PBXNativeTarget "Project4" */ = {
			isa = XCConfigurationList;
			buildConfigurations = (
				FCC3296B298B0461003FFB9B /* Debug */,
				FCC3296C298B0461003FFB9B /* Release */,
			);
			defaultConfigurationIsVisible = 0;
			defaultConfigurationName = Release;
		};
		FCC3296D298B0461003FFB9B /* Build configuration list for PBXNativeTarget "Project4Tests" */ = {
			isa = XCConfigurationList;
			buildConfigurations = (
				FCC3296E298B0461003FFB9B /* Debug */,
				FCC3296F298B0461003FFB9B /* Release */,
			);
			defaultConfigurationIsVisible = 0;
			defaultConfigurationName = Release;
		};
		FCC32970298B0461003FFB9B /* Build configuration list for PBXNativeTarget "Project4UITests" */ = {
			isa = XCConfigurationList;
			buildConfigurations = (
				FCC32971298B0461003FFB9B /* Debug */,
				FCC32972298B0461003FFB9B /* Release */,
			);
			defaultConfigurationIsVisible = 0;
			defaultConfigurationName = Release;
		};
/* End XCConfigurationList section */
	};
	rootObject = FCC32938298B0461003FFB9B /* Project object */;
}
