// !$*UTF8*$!
{
	archiveVersion = 1;
	classes = {
	};
	objectVersion = 56;
	objects = {

/* Begin PBXBuildFile section */
		FCEC3399298AB71900C4C4AA /* AppDelegate.swift in Sources */ = {isa = PBXBuildFile; fileRef = FCEC3398298AB71900C4C4AA /* AppDelegate.swift */; };
		FCEC339B298AB71900C4C4AA /* SceneDelegate.swift in Sources */ = {isa = PBXBuildFile; fileRef = FCEC339A298AB71900C4C4AA /* SceneDelegate.swift */; };
		FCEC339D298AB71900C4C4AA /* ViewController.swift in Sources */ = {isa = PBXBuildFile; fileRef = FCEC339C298AB71900C4C4AA /* ViewController.swift */; };
		FCEC33A0298AB71900C4C4AA /* Main.storyboard in Resources */ = {isa = PBXBuildFile; fileRef = FCEC339E298AB71900C4C4AA /* Main.storyboard */; };
		FCEC33A2298AB71A00C4C4AA /* Assets.xcassets in Resources */ = {isa = PBXBuildFile; fileRef = FCEC33A1298AB71A00C4C4AA /* Assets.xcassets */; };
		FCEC33A5298AB71A00C4C4AA /* LaunchScreen.storyboard in Resources */ = {isa = PBXBuildFile; fileRef = FCEC33A3298AB71A00C4C4AA /* LaunchScreen.storyboard */; };
		FCEC33B0298AB71A00C4C4AA /* Project2Tests.swift in Sources */ = {isa = PBXBuildFile; fileRef = FCEC33AF298AB71A00C4C4AA /* Project2Tests.swift */; };
		FCEC33BA298AB71A00C4C4AA /* Project2UITests.swift in Sources */ = {isa = PBXBuildFile; fileRef = FCEC33B9298AB71A00C4C4AA /* Project2UITests.swift */; };
		FCEC33BC298AB71A00C4C4AA /* Project2UITestsLaunchTests.swift in Sources */ = {isa = PBXBuildFile; fileRef = FCEC33BB298AB71A00C4C4AA /* Project2UITestsLaunchTests.swift */; };
/* End PBXBuildFile section */

/* Begin PBXContainerItemProxy section */
		FCEC33AC298AB71A00C4C4AA /* PBXContainerItemProxy */ = {
			isa = PBXContainerItemProxy;
			containerPortal = FCEC338D298AB71900C4C4AA /* Project object */;
			proxyType = 1;
			remoteGlobalIDString = FCEC3394298AB71900C4C4AA;
			remoteInfo = Project2;
		};
		FCEC33B6298AB71A00C4C4AA /* PBXContainerItemProxy */ = {
			isa = PBXContainerItemProxy;
			containerPortal = FCEC338D298AB71900C4C4AA /* Project object */;
			proxyType = 1;
			remoteGlobalIDString = FCEC3394298AB71900C4C4AA;
			remoteInfo = Project2;
		};
/* End PBXContainerItemProxy section */

/* Begin PBXFileReference section */
		FCEC3395298AB71900C4C4AA /* Project2.app */ = {isa = PBXFileReference; explicitFileType = wrapper.application; includeInIndex = 0; path = Project2.app; sourceTree = BUILT_PRODUCTS_DIR; };
		FCEC3398298AB71900C4C4AA /* AppDelegate.swift */ = {isa = PBXFileReference; lastKnownFileType = sourcecode.swift; path = AppDelegate.swift; sourceTree = "<group>"; };
		FCEC339A298AB71900C4C4AA /* SceneDelegate.swift */ = {isa = PBXFileReference; lastKnownFileType = sourcecode.swift; path = SceneDelegate.swift; sourceTree = "<group>"; };
		FCEC339C298AB71900C4C4AA /* ViewController.swift */ = {isa = PBXFileReference; lastKnownFileType = sourcecode.swift; path = ViewController.swift; sourceTree = "<group>"; };
		FCEC339F298AB71900C4C4AA /* Base */ = {isa = PBXFileReference; lastKnownFileType = file.storyboard; name = Base; path = Base.lproj/Main.storyboard; sourceTree = "<group>"; };
		FCEC33A1298AB71A00C4C4AA /* Assets.xcassets */ = {isa = PBXFileReference; lastKnownFileType = folder.assetcatalog; path = Assets.xcassets; sourceTree = "<group>"; };
		FCEC33A4298AB71A00C4C4AA /* Base */ = {isa = PBXFileReference; lastKnownFileType = file.storyboard; name = Base; path = Base.lproj/LaunchScreen.storyboard; sourceTree = "<group>"; };
		FCEC33A6298AB71A00C4C4AA /* Info.plist */ = {isa = PBXFileReference; lastKnownFileType = text.plist.xml; path = Info.plist; sourceTree = "<group>"; };
		FCEC33AB298AB71A00C4C4AA /* Project2Tests.xctest */ = {isa = PBXFileReference; explicitFileType = wrapper.cfbundle; includeInIndex = 0; path = Project2Tests.xctest; sourceTree = BUILT_PRODUCTS_DIR; };
		FCEC33AF298AB71A00C4C4AA /* Project2Tests.swift */ = {isa = PBXFileReference; lastKnownFileType = sourcecode.swift; path = Project2Tests.swift; sourceTree = "<group>"; };
		FCEC33B5298AB71A00C4C4AA /* Project2UITests.xctest */ = {isa = PBXFileReference; explicitFileType = wrapper.cfbundle; includeInIndex = 0; path = Project2UITests.xctest; sourceTree = BUILT_PRODUCTS_DIR; };
		FCEC33B9298AB71A00C4C4AA /* Project2UITests.swift */ = {isa = PBXFileReference; lastKnownFileType = sourcecode.swift; path = Project2UITests.swift; sourceTree = "<group>"; };
		FCEC33BB298AB71A00C4C4AA /* Project2UITestsLaunchTests.swift */ = {isa = PBXFileReference; lastKnownFileType = sourcecode.swift; path = Project2UITestsLaunchTests.swift; sourceTree = "<group>"; };
/* End PBXFileReference section */

/* Begin PBXFrameworksBuildPhase section */
		FCEC3392298AB71900C4C4AA /* Frameworks */ = {
			isa = PBXFrameworksBuildPhase;
			buildActionMask = 2147483647;
			files = (
			);
			runOnlyForDeploymentPostprocessing = 0;
		};
		FCEC33A8298AB71A00C4C4AA /* Frameworks */ = {
			isa = PBXFrameworksBuildPhase;
			buildActionMask = 2147483647;
			files = (
			);
			runOnlyForDeploymentPostprocessing = 0;
		};
		FCEC33B2298AB71A00C4C4AA /* Frameworks */ = {
			isa = PBXFrameworksBuildPhase;
			buildActionMask = 2147483647;
			files = (
			);
			runOnlyForDeploymentPostprocessing = 0;
		};
/* End PBXFrameworksBuildPhase section */

/* Begin PBXGroup section */
		FCEC338C298AB71900C4C4AA = {
			isa = PBXGroup;
			children = (
				FCEC3397298AB71900C4C4AA /* Project2 */,
				FCEC33AE298AB71A00C4C4AA /* Project2Tests */,
				FCEC33B8298AB71A00C4C4AA /* Project2UITests */,
				FCEC3396298AB71900C4C4AA /* Products */,
			);
			sourceTree = "<group>";
		};
		FCEC3396298AB71900C4C4AA /* Products */ = {
			isa = PBXGroup;
			children = (
				FCEC3395298AB71900C4C4AA /* Project2.app */,
				FCEC33AB298AB71A00C4C4AA /* Project2Tests.xctest */,
				FCEC33B5298AB71A00C4C4AA /* Project2UITests.xctest */,
			);
			name = Products;
			sourceTree = "<group>";
		};
		FCEC3397298AB71900C4C4AA /* Project2 */ = {
			isa = PBXGroup;
			children = (
				FCEC3398298AB71900C4C4AA /* AppDelegate.swift */,
				FCEC339A298AB71900C4C4AA /* SceneDelegate.swift */,
				FCEC339C298AB71900C4C4AA /* ViewController.swift */,
				FCEC339E298AB71900C4C4AA /* Main.storyboard */,
				FCEC33A1298AB71A00C4C4AA /* Assets.xcassets */,
				FCEC33A3298AB71A00C4C4AA /* LaunchScreen.storyboard */,
				FCEC33A6298AB71A00C4C4AA /* Info.plist */,
			);
			path = Project2;
			sourceTree = "<group>";
		};
		FCEC33AE298AB71A00C4C4AA /* Project2Tests */ = {
			isa = PBXGroup;
			children = (
				FCEC33AF298AB71A00C4C4AA /* Project2Tests.swift */,
			);
			path = Project2Tests;
			sourceTree = "<group>";
		};
		FCEC33B8298AB71A00C4C4AA /* Project2UITests */ = {
			isa = PBXGroup;
			children = (
				FCEC33B9298AB71A00C4C4AA /* Project2UITests.swift */,
				FCEC33BB298AB71A00C4C4AA /* Project2UITestsLaunchTests.swift */,
			);
			path = Project2UITests;
			sourceTree = "<group>";
		};
/* End PBXGroup section */

/* Begin PBXNativeTarget section */
		FCEC3394298AB71900C4C4AA /* Project2 */ = {
			isa = PBXNativeTarget;
			buildConfigurationList = FCEC33BF298AB71A00C4C4AA /* Build configuration list for PBXNativeTarget "Project2" */;
			buildPhases = (
				FCEC3391298AB71900C4C4AA /* Sources */,
				FCEC3392298AB71900C4C4AA /* Frameworks */,
				FCEC3393298AB71900C4C4AA /* Resources */,
			);
			buildRules = (
			);
			dependencies = (
			);
			name = Project2;
			productName = Project2;
			productReference = FCEC3395298AB71900C4C4AA /* Project2.app */;
			productType = "com.apple.product-type.application";
		};
		FCEC33AA298AB71A00C4C4AA /* Project2Tests */ = {
			isa = PBXNativeTarget;
			buildConfigurationList = FCEC33C2298AB71A00C4C4AA /* Build configuration list for PBXNativeTarget "Project2Tests" */;
			buildPhases = (
				FCEC33A7298AB71A00C4C4AA /* Sources */,
				FCEC33A8298AB71A00C4C4AA /* Frameworks */,
				FCEC33A9298AB71A00C4C4AA /* Resources */,
			);
			buildRules = (
			);
			dependencies = (
				FCEC33AD298AB71A00C4C4AA /* PBXTargetDependency */,
			);
			name = Project2Tests;
			productName = Project2Tests;
			productReference = FCEC33AB298AB71A00C4C4AA /* Project2Tests.xctest */;
			productType = "com.apple.product-type.bundle.unit-test";
		};
		FCEC33B4298AB71A00C4C4AA /* Project2UITests */ = {
			isa = PBXNativeTarget;
			buildConfigurationList = FCEC33C5298AB71A00C4C4AA /* Build configuration list for PBXNativeTarget "Project2UITests" */;
			buildPhases = (
				FCEC33B1298AB71A00C4C4AA /* Sources */,
				FCEC33B2298AB71A00C4C4AA /* Frameworks */,
				FCEC33B3298AB71A00C4C4AA /* Resources */,
			);
			buildRules = (
			);
			dependencies = (
				FCEC33B7298AB71A00C4C4AA /* PBXTargetDependency */,
			);
			name = Project2UITests;
			productName = Project2UITests;
			productReference = FCEC33B5298AB71A00C4C4AA /* Project2UITests.xctest */;
			productType = "com.apple.product-type.bundle.ui-testing";
		};
/* End PBXNativeTarget section */

/* Begin PBXProject section */
		FCEC338D298AB71900C4C4AA /* Project object */ = {
			isa = PBXProject;
			attributes = {
				BuildIndependentTargetsInParallel = 1;
				LastSwiftUpdateCheck = 1420;
				LastUpgradeCheck = 1420;
				TargetAttributes = {
					FCEC3394298AB71900C4C4AA = {
						CreatedOnToolsVersion = 14.2;
					};
					FCEC33AA298AB71A00C4C4AA = {
						CreatedOnToolsVersion = 14.2;
						TestTargetID = FCEC3394298AB71900C4C4AA;
					};
					FCEC33B4298AB71A00C4C4AA = {
						CreatedOnToolsVersion = 14.2;
						TestTargetID = FCEC3394298AB71900C4C4AA;
					};
				};
			};
			buildConfigurationList = FCEC3390298AB71900C4C4AA /* Build configuration list for PBXProject "Project2" */;
			compatibilityVersion = "Xcode 14.0";
			developmentRegion = en;
			hasScannedForEncodings = 0;
			knownRegions = (
				en,
				Base,
			);
			mainGroup = FCEC338C298AB71900C4C4AA;
			productRefGroup = FCEC3396298AB71900C4C4AA /* Products */;
			projectDirPath = "";
			projectRoot = "";
			targets = (
				FCEC3394298AB71900C4C4AA /* Project2 */,
				FCEC33AA298AB71A00C4C4AA /* Project2Tests */,
				FCEC33B4298AB71A00C4C4AA /* Project2UITests */,
			);
		};
/* End PBXProject section */

/* Begin PBXResourcesBuildPhase section */
		FCEC3393298AB71900C4C4AA /* Resources */ = {
			isa = PBXResourcesBuildPhase;
			buildActionMask = 2147483647;
			files = (
				FCEC33A5298AB71A00C4C4AA /* LaunchScreen.storyboard in Resources */,
				FCEC33A2298AB71A00C4C4AA /* Assets.xcassets in Resources */,
				FCEC33A0298AB71900C4C4AA /* Main.storyboard in Resources */,
			);
			runOnlyForDeploymentPostprocessing = 0;
		};
		FCEC33A9298AB71A00C4C4AA /* Resources */ = {
			isa = PBXResourcesBuildPhase;
			buildActionMask = 2147483647;
			files = (
			);
			runOnlyForDeploymentPostprocessing = 0;
		};
		FCEC33B3298AB71A00C4C4AA /* Resources */ = {
			isa = PBXResourcesBuildPhase;
			buildActionMask = 2147483647;
			files = (
			);
			runOnlyForDeploymentPostprocessing = 0;
		};
/* End PBXResourcesBuildPhase section */

/* Begin PBXSourcesBuildPhase section */
		FCEC3391298AB71900C4C4AA /* Sources */ = {
			isa = PBXSourcesBuildPhase;
			buildActionMask = 2147483647;
			files = (
				FCEC339D298AB71900C4C4AA /* ViewController.swift in Sources */,
				FCEC3399298AB71900C4C4AA /* AppDelegate.swift in Sources */,
				FCEC339B298AB71900C4C4AA /* SceneDelegate.swift in Sources */,
			);
			runOnlyForDeploymentPostprocessing = 0;
		};
		FCEC33A7298AB71A00C4C4AA /* Sources */ = {
			isa = PBXSourcesBuildPhase;
			buildActionMask = 2147483647;
			files = (
				FCEC33B0298AB71A00C4C4AA /* Project2Tests.swift in Sources */,
			);
			runOnlyForDeploymentPostprocessing = 0;
		};
		FCEC33B1298AB71A00C4C4AA /* Sources */ = {
			isa = PBXSourcesBuildPhase;
			buildActionMask = 2147483647;
			files = (
				FCEC33BC298AB71A00C4C4AA /* Project2UITestsLaunchTests.swift in Sources */,
				FCEC33BA298AB71A00C4C4AA /* Project2UITests.swift in Sources */,
			);
			runOnlyForDeploymentPostprocessing = 0;
		};
/* End PBXSourcesBuildPhase section */

/* Begin PBXTargetDependency section */
		FCEC33AD298AB71A00C4C4AA /* PBXTargetDependency */ = {
			isa = PBXTargetDependency;
			target = FCEC3394298AB71900C4C4AA /* Project2 */;
			targetProxy = FCEC33AC298AB71A00C4C4AA /* PBXContainerItemProxy */;
		};
		FCEC33B7298AB71A00C4C4AA /* PBXTargetDependency */ = {
			isa = PBXTargetDependency;
			target = FCEC3394298AB71900C4C4AA /* Project2 */;
			targetProxy = FCEC33B6298AB71A00C4C4AA /* PBXContainerItemProxy */;
		};
/* End PBXTargetDependency section */

/* Begin PBXVariantGroup section */
		FCEC339E298AB71900C4C4AA /* Main.storyboard */ = {
			isa = PBXVariantGroup;
			children = (
				FCEC339F298AB71900C4C4AA /* Base */,
			);
			name = Main.storyboard;
			sourceTree = "<group>";
		};
		FCEC33A3298AB71A00C4C4AA /* LaunchScreen.storyboard */ = {
			isa = PBXVariantGroup;
			children = (
				FCEC33A4298AB71A00C4C4AA /* Base */,
			);
			name = LaunchScreen.storyboard;
			sourceTree = "<group>";
		};
/* End PBXVariantGroup section */

/* Begin XCBuildConfiguration section */
		FCEC33BD298AB71A00C4C4AA /* Debug */ = {
			isa = XCBuildConfiguration;
			buildSettings = {
				ALWAYS_SEARCH_USER_PATHS = NO;
				CLANG_ANALYZER_NONNULL = YES;
				CLANG_ANALYZER_NUMBER_OBJECT_CONVERSION = YES_AGGRESSIVE;
				CLANG_CXX_LANGUAGE_STANDARD = "gnu++20";
				CLANG_ENABLE_MODULES = YES;
				CLANG_ENABLE_OBJC_ARC = YES;
				CLANG_ENABLE_OBJC_WEAK = YES;
				CLANG_WARN_BLOCK_CAPTURE_AUTORELEASING = YES;
				CLANG_WARN_BOOL_CONVERSION = YES;
				CLANG_WARN_COMMA = YES;
				CLANG_WARN_CONSTANT_CONVERSION = YES;
				CLANG_WARN_DEPRECATED_OBJC_IMPLEMENTATIONS = YES;
				CLANG_WARN_DIRECT_OBJC_ISA_USAGE = YES_ERROR;
				CLANG_WARN_DOCUMENTATION_COMMENTS = YES;
				CLANG_WARN_EMPTY_BODY = YES;
				CLANG_WARN_ENUM_CONVERSION = YES;
				CLANG_WARN_INFINITE_RECURSION = YES;
				CLANG_WARN_INT_CONVERSION = YES;
				CLANG_WARN_NON_LITERAL_NULL_CONVERSION = YES;
				CLANG_WARN_OBJC_IMPLICIT_RETAIN_SELF = YES;
				CLANG_WARN_OBJC_LITERAL_CONVERSION = YES;
				CLANG_WARN_OBJC_ROOT_CLASS = YES_ERROR;
				CLANG_WARN_QUOTED_INCLUDE_IN_FRAMEWORK_HEADER = YES;
				CLANG_WARN_RANGE_LOOP_ANALYSIS = YES;
				CLANG_WARN_STRICT_PROTOTYPES = YES;
				CLANG_WARN_SUSPICIOUS_MOVE = YES;
				CLANG_WARN_UNGUARDED_AVAILABILITY = YES_AGGRESSIVE;
				CLANG_WARN_UNREACHABLE_CODE = YES;
				CLANG_WARN__DUPLICATE_METHOD_MATCH = YES;
				COPY_PHASE_STRIP = NO;
				DEBUG_INFORMATION_FORMAT = dwarf;
				ENABLE_STRICT_OBJC_MSGSEND = YES;
				ENABLE_TESTABILITY = YES;
				GCC_C_LANGUAGE_STANDARD = gnu11;
				GCC_DYNAMIC_NO_PIC = NO;
				GCC_NO_COMMON_BLOCKS = YES;
				GCC_OPTIMIZATION_LEVEL = 0;
				GCC_PREPROCESSOR_DEFINITIONS = (
					"DEBUG=1",
					"$(inherited)",
				);
				GCC_WARN_64_TO_32_BIT_CONVERSION = YES;
				GCC_WARN_ABOUT_RETURN_TYPE = YES_ERROR;
				GCC_WARN_UNDECLARED_SELECTOR = YES;
				GCC_WARN_UNINITIALIZED_AUTOS = YES_AGGRESSIVE;
				GCC_WARN_UNUSED_FUNCTION = YES;
				GCC_WARN_UNUSED_VARIABLE = YES;
				IPHONEOS_DEPLOYMENT_TARGET = 16.2;
				MTL_ENABLE_DEBUG_INFO = INCLUDE_SOURCE;
				MTL_FAST_MATH = YES;
				ONLY_ACTIVE_ARCH = YES;
				SDKROOT = iphoneos;
				SWIFT_ACTIVE_COMPILATION_CONDITIONS = DEBUG;
				SWIFT_OPTIMIZATION_LEVEL = "-Onone";
			};
			name = Debug;
		};
		FCEC33BE298AB71A00C4C4AA /* Release */ = {
			isa = XCBuildConfiguration;
			buildSettings = {
				ALWAYS_SEARCH_USER_PATHS = NO;
				CLANG_ANALYZER_NONNULL = YES;
				CLANG_ANALYZER_NUMBER_OBJECT_CONVERSION = YES_AGGRESSIVE;
				CLANG_CXX_LANGUAGE_STANDARD = "gnu++20";
				CLANG_ENABLE_MODULES = YES;
				CLANG_ENABLE_OBJC_ARC = YES;
				CLANG_ENABLE_OBJC_WEAK = YES;
				CLANG_WARN_BLOCK_CAPTURE_AUTORELEASING = YES;
				CLANG_WARN_BOOL_CONVERSION = YES;
				CLANG_WARN_COMMA = YES;
				CLANG_WARN_CONSTANT_CONVERSION = YES;
				CLANG_WARN_DEPRECATED_OBJC_IMPLEMENTATIONS = YES;
				CLANG_WARN_DIRECT_OBJC_ISA_USAGE = YES_ERROR;
				CLANG_WARN_DOCUMENTATION_COMMENTS = YES;
				CLANG_WARN_EMPTY_BODY = YES;
				CLANG_WARN_ENUM_CONVERSION = YES;
				CLANG_WARN_INFINITE_RECURSION = YES;
				CLANG_WARN_INT_CONVERSION = YES;
				CLANG_WARN_NON_LITERAL_NULL_CONVERSION = YES;
				CLANG_WARN_OBJC_IMPLICIT_RETAIN_SELF = YES;
				CLANG_WARN_OBJC_LITERAL_CONVERSION = YES;
				CLANG_WARN_OBJC_ROOT_CLASS = YES_ERROR;
				CLANG_WARN_QUOTED_INCLUDE_IN_FRAMEWORK_HEADER = YES;
				CLANG_WARN_RANGE_LOOP_ANALYSIS = YES;
				CLANG_WARN_STRICT_PROTOTYPES = YES;
				CLANG_WARN_SUSPICIOUS_MOVE = YES;
				CLANG_WARN_UNGUARDED_AVAILABILITY = YES_AGGRESSIVE;
				CLANG_WARN_UNREACHABLE_CODE = YES;
				CLANG_WARN__DUPLICATE_METHOD_MATCH = YES;
				COPY_PHASE_STRIP = NO;
				DEBUG_INFORMATION_FORMAT = "dwarf-with-dsym";
				ENABLE_NS_ASSERTIONS = NO;
				ENABLE_STRICT_OBJC_MSGSEND = YES;
				GCC_C_LANGUAGE_STANDARD = gnu11;
				GCC_NO_COMMON_BLOCKS = YES;
				GCC_WARN_64_TO_32_BIT_CONVERSION = YES;
				GCC_WARN_ABOUT_RETURN_TYPE = YES_ERROR;
				GCC_WARN_UNDECLARED_SELECTOR = YES;
				GCC_WARN_UNINITIALIZED_AUTOS = YES_AGGRESSIVE;
				GCC_WARN_UNUSED_FUNCTION = YES;
				GCC_WARN_UNUSED_VARIABLE = YES;
				IPHONEOS_DEPLOYMENT_TARGET = 16.2;
				MTL_ENABLE_DEBUG_INFO = NO;
				MTL_FAST_MATH = YES;
				SDKROOT = iphoneos;
				SWIFT_COMPILATION_MODE = wholemodule;
				SWIFT_OPTIMIZATION_LEVEL = "-O";
				VALIDATE_PRODUCT = YES;
			};
			name = Release;
		};
		FCEC33C0298AB71A00C4C4AA /* Debug */ = {
			isa = XCBuildConfiguration;
			buildSettings = {
				ASSETCATALOG_COMPILER_APPICON_NAME = AppIcon;
				ASSETCATALOG_COMPILER_GLOBAL_ACCENT_COLOR_NAME = AccentColor;
				CODE_SIGN_STYLE = Automatic;
				CURRENT_PROJECT_VERSION = 1;
				DEVELOPMENT_TEAM = 4RZ393UM8U;
				GENERATE_INFOPLIST_FILE = YES;
				INFOPLIST_FILE = Project2/Info.plist;
				INFOPLIST_KEY_UIApplicationSupportsIndirectInputEvents = YES;
				INFOPLIST_KEY_UILaunchStoryboardName = LaunchScreen;
				INFOPLIST_KEY_UIMainStoryboardFile = Main;
				INFOPLIST_KEY_UISupportedInterfaceOrientations_iPad = "UIInterfaceOrientationPortrait UIInterfaceOrientationPortraitUpsideDown UIInterfaceOrientationLandscapeLeft UIInterfaceOrientationLandscapeRight";
				INFOPLIST_KEY_UISupportedInterfaceOrientations_iPhone = "UIInterfaceOrientationPortrait UIInterfaceOrientationLandscapeLeft UIInterfaceOrientationLandscapeRight";
				LD_RUNPATH_SEARCH_PATHS = (
					"$(inherited)",
					"@executable_path/Frameworks",
				);
				MARKETING_VERSION = 1.0;
				PRODUCT_BUNDLE_IDENTIFIER = emirarikan.Project2;
				PRODUCT_NAME = "$(TARGET_NAME)";
				SWIFT_EMIT_LOC_STRINGS = YES;
				SWIFT_VERSION = 5.0;
				TARGETED_DEVICE_FAMILY = "1,2";
			};
			name = Debug;
		};
		FCEC33C1298AB71A00C4C4AA /* Release */ = {
			isa = XCBuildConfiguration;
			buildSettings = {
				ASSETCATALOG_COMPILER_APPICON_NAME = AppIcon;
				ASSETCATALOG_COMPILER_GLOBAL_ACCENT_COLOR_NAME = AccentColor;
				CODE_SIGN_STYLE = Automatic;
				CURRENT_PROJECT_VERSION = 1;
				DEVELOPMENT_TEAM = 4RZ393UM8U;
				GENERATE_INFOPLIST_FILE = YES;
				INFOPLIST_FILE = Project2/Info.plist;
				INFOPLIST_KEY_UIApplicationSupportsIndirectInputEvents = YES;
				INFOPLIST_KEY_UILaunchStoryboardName = LaunchScreen;
				INFOPLIST_KEY_UIMainStoryboardFile = Main;
				INFOPLIST_KEY_UISupportedInterfaceOrientations_iPad = "UIInterfaceOrientationPortrait UIInterfaceOrientationPortraitUpsideDown UIInterfaceOrientationLandscapeLeft UIInterfaceOrientationLandscapeRight";
				INFOPLIST_KEY_UISupportedInterfaceOrientations_iPhone = "UIInterfaceOrientationPortrait UIInterfaceOrientationLandscapeLeft UIInterfaceOrientationLandscapeRight";
				LD_RUNPATH_SEARCH_PATHS = (
					"$(inherited)",
					"@executable_path/Frameworks",
				);
				MARKETING_VERSION = 1.0;
				PRODUCT_BUNDLE_IDENTIFIER = emirarikan.Project2;
				PRODUCT_NAME = "$(TARGET_NAME)";
				SWIFT_EMIT_LOC_STRINGS = YES;
				SWIFT_VERSION = 5.0;
				TARGETED_DEVICE_FAMILY = "1,2";
			};
			name = Release;
		};
		FCEC33C3298AB71A00C4C4AA /* Debug */ = {
			isa = XCBuildConfiguration;
			buildSettings = {
				ALWAYS_EMBED_SWIFT_STANDARD_LIBRARIES = YES;
				BUNDLE_LOADER = "$(TEST_HOST)";
				CODE_SIGN_STYLE = Automatic;
				CURRENT_PROJECT_VERSION = 1;
				DEVELOPMENT_TEAM = 4RZ393UM8U;
				GENERATE_INFOPLIST_FILE = YES;
				IPHONEOS_DEPLOYMENT_TARGET = 16.2;
				MARKETING_VERSION = 1.0;
				PRODUCT_BUNDLE_IDENTIFIER = emirarikan.Project2Tests;
				PRODUCT_NAME = "$(TARGET_NAME)";
				SWIFT_EMIT_LOC_STRINGS = NO;
				SWIFT_VERSION = 5.0;
				TARGETED_DEVICE_FAMILY = "1,2";
				TEST_HOST = "$(BUILT_PRODUCTS_DIR)/Project2.app/$(BUNDLE_EXECUTABLE_FOLDER_PATH)/Project2";
			};
			name = Debug;
		};
		FCEC33C4298AB71A00C4C4AA /* Release */ = {
			isa = XCBuildConfiguration;
			buildSettings = {
				ALWAYS_EMBED_SWIFT_STANDARD_LIBRARIES = YES;
				BUNDLE_LOADER = "$(TEST_HOST)";
				CODE_SIGN_STYLE = Automatic;
				CURRENT_PROJECT_VERSION = 1;
				DEVELOPMENT_TEAM = 4RZ393UM8U;
				GENERATE_INFOPLIST_FILE = YES;
				IPHONEOS_DEPLOYMENT_TARGET = 16.2;
				MARKETING_VERSION = 1.0;
				PRODUCT_BUNDLE_IDENTIFIER = emirarikan.Project2Tests;
				PRODUCT_NAME = "$(TARGET_NAME)";
				SWIFT_EMIT_LOC_STRINGS = NO;
				SWIFT_VERSION = 5.0;
				TARGETED_DEVICE_FAMILY = "1,2";
				TEST_HOST = "$(BUILT_PRODUCTS_DIR)/Project2.app/$(BUNDLE_EXECUTABLE_FOLDER_PATH)/Project2";
			};
			name = Release;
		};
		FCEC33C6298AB71A00C4C4AA /* Debug */ = {
			isa = XCBuildConfiguration;
			buildSettings = {
				ALWAYS_EMBED_SWIFT_STANDARD_LIBRARIES = YES;
				CODE_SIGN_STYLE = Automatic;
				CURRENT_PROJECT_VERSION = 1;
				DEVELOPMENT_TEAM = 4RZ393UM8U;
				GENERATE_INFOPLIST_FILE = YES;
				MARKETING_VERSION = 1.0;
				PRODUCT_BUNDLE_IDENTIFIER = emirarikan.Project2UITests;
				PRODUCT_NAME = "$(TARGET_NAME)";
				SWIFT_EMIT_LOC_STRINGS = NO;
				SWIFT_VERSION = 5.0;
				TARGETED_DEVICE_FAMILY = "1,2";
				TEST_TARGET_NAME = Project2;
			};
			name = Debug;
		};
		FCEC33C7298AB71A00C4C4AA /* Release */ = {
			isa = XCBuildConfiguration;
			buildSettings = {
				ALWAYS_EMBED_SWIFT_STANDARD_LIBRARIES = YES;
				CODE_SIGN_STYLE = Automatic;
				CURRENT_PROJECT_VERSION = 1;
				DEVELOPMENT_TEAM = 4RZ393UM8U;
				GENERATE_INFOPLIST_FILE = YES;
				MARKETING_VERSION = 1.0;
				PRODUCT_BUNDLE_IDENTIFIER = emirarikan.Project2UITests;
				PRODUCT_NAME = "$(TARGET_NAME)";
				SWIFT_EMIT_LOC_STRINGS = NO;
				SWIFT_VERSION = 5.0;
				TARGETED_DEVICE_FAMILY = "1,2";
				TEST_TARGET_NAME = Project2;
			};
			name = Release;
		};
/* End XCBuildConfiguration section */

/* Begin XCConfigurationList section */
		FCEC3390298AB71900C4C4AA /* Build configuration list for PBXProject "Project2" */ = {
			isa = XCConfigurationList;
			buildConfigurations = (
				FCEC33BD298AB71A00C4C4AA /* Debug */,
				FCEC33BE298AB71A00C4C4AA /* Release */,
			);
			defaultConfigurationIsVisible = 0;
			defaultConfigurationName = Release;
		};
		FCEC33BF298AB71A00C4C4AA /* Build configuration list for PBXNativeTarget "Project2" */ = {
			isa = XCConfigurationList;
			buildConfigurations = (
				FCEC33C0298AB71A00C4C4AA /* Debug */,
				FCEC33C1298AB71A00C4C4AA /* Release */,
			);
			defaultConfigurationIsVisible = 0;
			defaultConfigurationName = Release;
		};
		FCEC33C2298AB71A00C4C4AA /* Build configuration list for PBXNativeTarget "Project2Tests" */ = {
			isa = XCConfigurationList;
			buildConfigurations = (
				FCEC33C3298AB71A00C4C4AA /* Debug */,
				FCEC33C4298AB71A00C4C4AA /* Release */,
			);
			defaultConfigurationIsVisible = 0;
			defaultConfigurationName = Release;
		};
		FCEC33C5298AB71A00C4C4AA /* Build configuration list for PBXNativeTarget "Project2UITests" */ = {
			isa = XCConfigurationList;
			buildConfigurations = (
				FCEC33C6298AB71A00C4C4AA /* Debug */,
				FCEC33C7298AB71A00C4C4AA /* Release */,
			);
			defaultConfigurationIsVisible = 0;
			defaultConfigurationName = Release;
		};
/* End XCConfigurationList section */
	};
	rootObject = FCEC338D298AB71900C4C4AA /* Project object */;
}
